
Microsoft Visual Studio Solution File, Format Version 12.00
# Visual Studio 15
VisualStudioVersion = 15.0.27703.2042
MinimumVisualStudioVersion = 10.0.40219.1
Project("{FAE04EC0-301F-11D3-BF4B-00C04F79EFBC}") = "Core", "Core\Core.csproj", "{C8A33EB3-C67D-44C6-8964-93022EEA287F}"
EndProject
Project("{FAE04EC0-301F-11D3-BF4B-00C04F79EFBC}") = "OptimisationMethods", "OptimizationMethods\OptimisationMethods.csproj", "{D052779F-D98C-4EB5-A0C1-737E58118A8C}"
EndProject
Project("{FAE04EC0-301F-11D3-BF4B-00C04F79EFBC}") = "UI", "UI\UI.csproj", "{911B74E2-5006-438D-B2AB-068B6E7CAE70}"
EndProject
Global
	GlobalSection(SolutionConfigurationPlatforms) = preSolution
		Debug|Any CPU = Debug|Any CPU
		Release|Any CPU = Release|Any CPU
	EndGlobalSection
	GlobalSection(ProjectConfigurationPlatforms) = postSolution
		{C8A33EB3-C67D-44C6-8964-93022EEA287F}.Debug|Any CPU.ActiveCfg = Debug|Any CPU
		{C8A33EB3-C67D-44C6-8964-93022EEA287F}.Debug|Any CPU.Build.0 = Debug|Any CPU
		{C8A33EB3-C67D-44C6-8964-93022EEA287F}.Release|Any CPU.ActiveCfg = Release|Any CPU
		{C8A33EB3-C67D-44C6-8964-93022EEA287F}.Release|Any CPU.Build.0 = Release|Any CPU
		{D052779F-D98C-4EB5-A0C1-737E58118A8C}.Debug|Any CPU.ActiveCfg = Debug|Any CPU
		{D052779F-D98C-4EB5-A0C1-737E58118A8C}.Debug|Any CPU.Build.0 = Debug|Any CPU
		{D052779F-D98C-4EB5-A0C1-737E58118A8C}.Release|Any CPU.ActiveCfg = Release|Any CPU
		{D052779F-D98C-4EB5-A0C1-737E58118A8C}.Release|Any CPU.Build.0 = Release|Any CPU
		{911B74E2-5006-438D-B2AB-068B6E7CAE70}.Debug|Any CPU.ActiveCfg = Debug|Any CPU
		{911B74E2-5006-438D-B2AB-068B6E7CAE70}.Debug|Any CPU.Build.0 = Debug|Any CPU
		{911B74E2-5006-438D-B2AB-068B6E7CAE70}.Release|Any CPU.ActiveCfg = Release|Any CPU
		{911B74E2-5006-438D-B2AB-068B6E7CAE70}.Release|Any CPU.Build.0 = Release|Any CPU
	EndGlobalSection
	GlobalSection(SolutionProperties) = preSolution
		HideSolutionNode = FALSE
	EndGlobalSection
	GlobalSection(ExtensibilityGlobals) = postSolution
		SolutionGuid = {DCE327B1-4709-4177-96E0-8A773940C660}
	EndGlobalSection
EndGlobal
